
Microsoft Visual Studio Solution File, Format Version 12.00
# Visual Studio Version 16
VisualStudioVersion = 16.0.34407.143
MinimumVisualStudioVersion = 10.0.40219.1
Project("{8BC9CEB8-8B4A-11D0-8D11-00A0C91BC942}") = "Battleships", "Battleships.vcxproj", "{9554237F-B746-43A4-B1AF-744E71FDCDE5}"
EndProject
Global
	GlobalSection(SolutionConfigurationPlatforms) = preSolution
		Debug|x64 = Debug|x64
		Debug|x86 = Debug|x86
		Release|x64 = Release|x64
		Release|x86 = Release|x86
	EndGlobalSection
	GlobalSection(ProjectConfigurationPlatforms) = postSolution
		{9554237F-B746-43A4-B1AF-744E71FDCDE5}.Debug|x64.ActiveCfg = Debug|x64
		{9554237F-B746-43A4-B1AF-744E71FDCDE5}.Debug|x64.Build.0 = Debug|x64
		{9554237F-B746-43A4-B1AF-744E71FDCDE5}.Debug|x86.ActiveCfg = Debug|Win32
		{9554237F-B746-43A4-B1AF-744E71FDCDE5}.Debug|x86.Build.0 = Debug|Win32
		{9554237F-B746-43A4-B1AF-744E71FDCDE5}.Release|x64.ActiveCfg = Release|x64
		{9554237F-B746-43A4-B1AF-744E71FDCDE5}.Release|x64.Build.0 = Release|x64
		{9554237F-B746-43A4-B1AF-744E71FDCDE5}.Release|x86.ActiveCfg = Release|Win32
		{9554237F-B746-43A4-B1AF-744E71FDCDE5}.Release|x86.Build.0 = Release|Win32
	EndGlobalSection
	GlobalSection(SolutionProperties) = preSolution
		HideSolutionNode = FALSE
	EndGlobalSection
	GlobalSection(ExtensibilityGlobals) = postSolution
		SolutionGuid = {2DA713E0-C203-4F2E-9396-36D60585240F}
	EndGlobalSection
EndGlobal
